
Microsoft Visual Studio Solution File, Format Version 12.00
# Visual Studio 14
VisualStudioVersion = 14.0.24720.0
MinimumVisualStudioVersion = 10.0.40219.1
Project("{2150E333-8FDC-42A3-9474-1A3956D46DE8}") = "src", "src", "{F7D97CAD-CAF1-49AA-9E70-6D1ED05BB5CE}"
EndProject
Project("{2150E333-8FDC-42A3-9474-1A3956D46DE8}") = "Solution Items", "Solution Items", "{63BE14D9-E2A7-4960-953B-4A6BB86F588D}"
	ProjectSection(SolutionItems) = preProject
		global.json = global.json
	EndProjectSection
EndProject
Project("{8BB2217D-0F2D-49D1-97BC-3654ED321F3B}") = "HvCommerce.Web", "src\HvCommerce.Web\HvCommerce.Web.xproj", "{370D8B0A-7C98-4299-9225-0A1D56E52946}"
EndProject
Project("{2150E333-8FDC-42A3-9474-1A3956D46DE8}") = "Core", "Core", "{CE9298AF-B7D3-480C-A73C-0283C3F3868D}"
EndProject
Project("{FAE04EC0-301F-11D3-BF4B-00C04F79EFBC}") = "HvCommerce.Core", "src\Core\HvCommerce.Core\HvCommerce.Core.csproj", "{61242784-CC64-4D2B-81A1-8BC643629950}"
EndProject
Project("{2150E333-8FDC-42A3-9474-1A3956D46DE8}") = "Modules", "Modules", "{3D3907E1-1706-42A0-851B-CD6AC6DBA0FB}"
EndProject
Project("{2150E333-8FDC-42A3-9474-1A3956D46DE8}") = "Infrastructure", "Infrastructure", "{64E0639E-BE4C-45AC-8722-D27400D27D45}"
EndProject
Project("{FAE04EC0-301F-11D3-BF4B-00C04F79EFBC}") = "HvCommerce.Infrastructure", "src\Infrastructure\HvCommerce.Infrastructure\HvCommerce.Infrastructure.csproj", "{F0D8E2BB-2D50-46BF-ACCE-837848B079C0}"
EndProject
Project("{FAE04EC0-301F-11D3-BF4B-00C04F79EFBC}") = "HvCommerce.Infrastructure.EntityFramework", "src\Infrastructure\HvCommerce.Infrastructure.EntityFramework\HvCommerce.Infrastructure.EntityFramework.csproj", "{CB5E07C7-8371-4CE0-8836-35414B768CF8}"
EndProject
Global
	GlobalSection(SolutionConfigurationPlatforms) = preSolution
		Debug|Any CPU = Debug|Any CPU
		Release|Any CPU = Release|Any CPU
	EndGlobalSection
	GlobalSection(ProjectConfigurationPlatforms) = postSolution
		{370D8B0A-7C98-4299-9225-0A1D56E52946}.Debug|Any CPU.ActiveCfg = Debug|Any CPU
		{370D8B0A-7C98-4299-9225-0A1D56E52946}.Debug|Any CPU.Build.0 = Debug|Any CPU
		{370D8B0A-7C98-4299-9225-0A1D56E52946}.Release|Any CPU.ActiveCfg = Release|Any CPU
		{370D8B0A-7C98-4299-9225-0A1D56E52946}.Release|Any CPU.Build.0 = Release|Any CPU
		{61242784-CC64-4D2B-81A1-8BC643629950}.Debug|Any CPU.ActiveCfg = Debug|Any CPU
		{61242784-CC64-4D2B-81A1-8BC643629950}.Debug|Any CPU.Build.0 = Debug|Any CPU
		{61242784-CC64-4D2B-81A1-8BC643629950}.Release|Any CPU.ActiveCfg = Release|Any CPU
		{61242784-CC64-4D2B-81A1-8BC643629950}.Release|Any CPU.Build.0 = Release|Any CPU
		{F0D8E2BB-2D50-46BF-ACCE-837848B079C0}.Debug|Any CPU.ActiveCfg = Debug|Any CPU
		{F0D8E2BB-2D50-46BF-ACCE-837848B079C0}.Debug|Any CPU.Build.0 = Debug|Any CPU
		{F0D8E2BB-2D50-46BF-ACCE-837848B079C0}.Release|Any CPU.ActiveCfg = Release|Any CPU
		{F0D8E2BB-2D50-46BF-ACCE-837848B079C0}.Release|Any CPU.Build.0 = Release|Any CPU
		{CB5E07C7-8371-4CE0-8836-35414B768CF8}.Debug|Any CPU.ActiveCfg = Debug|Any CPU
		{CB5E07C7-8371-4CE0-8836-35414B768CF8}.Debug|Any CPU.Build.0 = Debug|Any CPU
		{CB5E07C7-8371-4CE0-8836-35414B768CF8}.Release|Any CPU.ActiveCfg = Release|Any CPU
		{CB5E07C7-8371-4CE0-8836-35414B768CF8}.Release|Any CPU.Build.0 = Release|Any CPU
	EndGlobalSection
	GlobalSection(SolutionProperties) = preSolution
		HideSolutionNode = FALSE
	EndGlobalSection
	GlobalSection(NestedProjects) = preSolution
		{370D8B0A-7C98-4299-9225-0A1D56E52946} = {F7D97CAD-CAF1-49AA-9E70-6D1ED05BB5CE}
		{CE9298AF-B7D3-480C-A73C-0283C3F3868D} = {F7D97CAD-CAF1-49AA-9E70-6D1ED05BB5CE}
		{61242784-CC64-4D2B-81A1-8BC643629950} = {CE9298AF-B7D3-480C-A73C-0283C3F3868D}
		{3D3907E1-1706-42A0-851B-CD6AC6DBA0FB} = {F7D97CAD-CAF1-49AA-9E70-6D1ED05BB5CE}
		{64E0639E-BE4C-45AC-8722-D27400D27D45} = {F7D97CAD-CAF1-49AA-9E70-6D1ED05BB5CE}
		{F0D8E2BB-2D50-46BF-ACCE-837848B079C0} = {64E0639E-BE4C-45AC-8722-D27400D27D45}
		{CB5E07C7-8371-4CE0-8836-35414B768CF8} = {64E0639E-BE4C-45AC-8722-D27400D27D45}
	EndGlobalSection
EndGlobal
