
Microsoft Visual Studio Solution File, Format Version 12.00
# Visual Studio 14
VisualStudioVersion = 14.0.25402.0
MinimumVisualStudioVersion = 10.0.40219.1
Project("{2150E333-8FDC-42A3-9474-1A3956D46DE8}") = "src", "src", "{C2360C0C-65F6-4135-B00F-061C61ADA594}"
EndProject
Project("{2150E333-8FDC-42A3-9474-1A3956D46DE8}") = "Solution Items", "Solution Items", "{D7B75AC5-9302-4B3F-8912-90DF80BDC9AC}"
	ProjectSection(SolutionItems) = preProject
		global.json = global.json
	EndProjectSection
EndProject
Project("{8BB2217D-0F2D-49D1-97BC-3654ED321F3B}") = "SimplCommerce.Web", "src\SimplCommerce.Web\SimplCommerce.Web.xproj", "{5C4F2110-241F-400D-BC85-215F54F1B585}"
EndProject
Project("{2150E333-8FDC-42A3-9474-1A3956D46DE8}") = "Core", "Core", "{6CA2EC86-B3A1-47F0-9717-A416DE4FAC81}"
EndProject
Project("{2150E333-8FDC-42A3-9474-1A3956D46DE8}") = "Modules", "Modules", "{597BDEE1-F58A-4A55-B1B5-BEA1AB7D9C89}"
EndProject
Project("{2150E333-8FDC-42A3-9474-1A3956D46DE8}") = "Toolings", "Toolings", "{2129E696-8C4D-449B-A8EA-7A651DEA0830}"
EndProject
Project("{2150E333-8FDC-42A3-9474-1A3956D46DE8}") = "Infrastructure", "Infrastructure", "{CCF73FFC-4325-4C56-A846-5B4FF3824278}"
EndProject
Project("{8BB2217D-0F2D-49D1-97BC-3654ED321F3B}") = "SimplCommerce.Infrastructure", "src\Infrastructure\SimplCommerce.Infrastructure\SimplCommerce.Infrastructure.xproj", "{8B676A86-9F8D-44E0-B53D-E93E009B8996}"
EndProject
Project("{8BB2217D-0F2D-49D1-97BC-3654ED321F3B}") = "SimplCommerce.Core", "src\Core\SimplCommerce.Core\SimplCommerce.Core.xproj", "{2C7246AE-257D-442B-AAE7-CF1D4C6C25A3}"
EndProject
Project("{8BB2217D-0F2D-49D1-97BC-3654ED321F3B}") = "SimplCommerce.Orders", "src\Modules\SimplCommerce.Orders\SimplCommerce.Orders.xproj", "{5F5C2734-32CF-4C18-954C-56955E5436D1}"
EndProject
Project("{2150E333-8FDC-42A3-9474-1A3956D46DE8}") = "Database", "Database", "{813C324B-3BA3-47C4-B5AB-A0DA567E21AE}"
	ProjectSection(SolutionItems) = preProject
		src\Database\StaticData.sql = src\Database\StaticData.sql
		src\Database\StaticData_Postgre.sql = src\Database\StaticData_Postgre.sql
	EndProjectSection
EndProject
Project("{8BB2217D-0F2D-49D1-97BC-3654ED321F3B}") = "SimplCommerce.ProductReview", "src\Modules\SimplCommerce.ProductReview\SimplCommerce.ProductReview.xproj", "{9558C1D2-14A1-4519-BF1F-6834703FE5C3}"
EndProject
Project("{8BB2217D-0F2D-49D1-97BC-3654ED321F3B}") = "SimplCommerce.ProductComparison", "src\Modules\SimplCommerce.ProductComparison\SimplCommerce.ProductComparison.xproj", "{6C02463E-63EB-40FA-8EA4-06D075199FED}"
EndProject
Project("{8BB2217D-0F2D-49D1-97BC-3654ED321F3B}") = "SimplCommerce.Cms", "src\Modules\SimplCommerce.Cms\SimplCommerce.Cms.xproj", "{C19DC373-1E92-41EA-8EDF-F2D325B73129}"
EndProject
Project("{8BB2217D-0F2D-49D1-97BC-3654ED321F3B}") = "SimplCommerce.Marketing", "src\Modules\SimplCommerce.Marketing\SimplCommerce.Marketing.xproj", "{1236297A-2462-4B9B-B314-382E80FC123B}"
EndProject
Global
	GlobalSection(SolutionConfigurationPlatforms) = preSolution
		Debug|Any CPU = Debug|Any CPU
		Release|Any CPU = Release|Any CPU
	EndGlobalSection
	GlobalSection(ProjectConfigurationPlatforms) = postSolution
		{5C4F2110-241F-400D-BC85-215F54F1B585}.Debug|Any CPU.ActiveCfg = Debug|Any CPU
		{5C4F2110-241F-400D-BC85-215F54F1B585}.Debug|Any CPU.Build.0 = Debug|Any CPU
		{5C4F2110-241F-400D-BC85-215F54F1B585}.Release|Any CPU.ActiveCfg = Release|Any CPU
		{5C4F2110-241F-400D-BC85-215F54F1B585}.Release|Any CPU.Build.0 = Release|Any CPU
		{8B676A86-9F8D-44E0-B53D-E93E009B8996}.Debug|Any CPU.ActiveCfg = Debug|Any CPU
		{8B676A86-9F8D-44E0-B53D-E93E009B8996}.Debug|Any CPU.Build.0 = Debug|Any CPU
		{8B676A86-9F8D-44E0-B53D-E93E009B8996}.Release|Any CPU.ActiveCfg = Release|Any CPU
		{8B676A86-9F8D-44E0-B53D-E93E009B8996}.Release|Any CPU.Build.0 = Release|Any CPU
		{2C7246AE-257D-442B-AAE7-CF1D4C6C25A3}.Debug|Any CPU.ActiveCfg = Debug|Any CPU
		{2C7246AE-257D-442B-AAE7-CF1D4C6C25A3}.Debug|Any CPU.Build.0 = Debug|Any CPU
		{2C7246AE-257D-442B-AAE7-CF1D4C6C25A3}.Release|Any CPU.ActiveCfg = Release|Any CPU
		{2C7246AE-257D-442B-AAE7-CF1D4C6C25A3}.Release|Any CPU.Build.0 = Release|Any CPU
		{5F5C2734-32CF-4C18-954C-56955E5436D1}.Debug|Any CPU.ActiveCfg = Debug|Any CPU
		{5F5C2734-32CF-4C18-954C-56955E5436D1}.Debug|Any CPU.Build.0 = Debug|Any CPU
		{5F5C2734-32CF-4C18-954C-56955E5436D1}.Release|Any CPU.ActiveCfg = Release|Any CPU
		{5F5C2734-32CF-4C18-954C-56955E5436D1}.Release|Any CPU.Build.0 = Release|Any CPU
		{9558C1D2-14A1-4519-BF1F-6834703FE5C3}.Debug|Any CPU.ActiveCfg = Debug|Any CPU
		{9558C1D2-14A1-4519-BF1F-6834703FE5C3}.Debug|Any CPU.Build.0 = Debug|Any CPU
		{9558C1D2-14A1-4519-BF1F-6834703FE5C3}.Release|Any CPU.ActiveCfg = Release|Any CPU
		{9558C1D2-14A1-4519-BF1F-6834703FE5C3}.Release|Any CPU.Build.0 = Release|Any CPU
		{6C02463E-63EB-40FA-8EA4-06D075199FED}.Debug|Any CPU.ActiveCfg = Debug|Any CPU
		{6C02463E-63EB-40FA-8EA4-06D075199FED}.Debug|Any CPU.Build.0 = Debug|Any CPU
		{6C02463E-63EB-40FA-8EA4-06D075199FED}.Release|Any CPU.ActiveCfg = Release|Any CPU
		{6C02463E-63EB-40FA-8EA4-06D075199FED}.Release|Any CPU.Build.0 = Release|Any CPU
		{C19DC373-1E92-41EA-8EDF-F2D325B73129}.Debug|Any CPU.ActiveCfg = Debug|Any CPU
		{C19DC373-1E92-41EA-8EDF-F2D325B73129}.Debug|Any CPU.Build.0 = Debug|Any CPU
		{C19DC373-1E92-41EA-8EDF-F2D325B73129}.Release|Any CPU.ActiveCfg = Release|Any CPU
		{C19DC373-1E92-41EA-8EDF-F2D325B73129}.Release|Any CPU.Build.0 = Release|Any CPU
		{1236297A-2462-4B9B-B314-382E80FC123B}.Debug|Any CPU.ActiveCfg = Debug|Any CPU
		{1236297A-2462-4B9B-B314-382E80FC123B}.Debug|Any CPU.Build.0 = Debug|Any CPU
		{1236297A-2462-4B9B-B314-382E80FC123B}.Release|Any CPU.ActiveCfg = Release|Any CPU
		{1236297A-2462-4B9B-B314-382E80FC123B}.Release|Any CPU.Build.0 = Release|Any CPU
	EndGlobalSection
	GlobalSection(SolutionProperties) = preSolution
		HideSolutionNode = FALSE
	EndGlobalSection
	GlobalSection(NestedProjects) = preSolution
		{5C4F2110-241F-400D-BC85-215F54F1B585} = {C2360C0C-65F6-4135-B00F-061C61ADA594}
		{6CA2EC86-B3A1-47F0-9717-A416DE4FAC81} = {C2360C0C-65F6-4135-B00F-061C61ADA594}
		{597BDEE1-F58A-4A55-B1B5-BEA1AB7D9C89} = {C2360C0C-65F6-4135-B00F-061C61ADA594}
		{2129E696-8C4D-449B-A8EA-7A651DEA0830} = {C2360C0C-65F6-4135-B00F-061C61ADA594}
		{CCF73FFC-4325-4C56-A846-5B4FF3824278} = {C2360C0C-65F6-4135-B00F-061C61ADA594}
		{8B676A86-9F8D-44E0-B53D-E93E009B8996} = {CCF73FFC-4325-4C56-A846-5B4FF3824278}
		{2C7246AE-257D-442B-AAE7-CF1D4C6C25A3} = {6CA2EC86-B3A1-47F0-9717-A416DE4FAC81}
		{5F5C2734-32CF-4C18-954C-56955E5436D1} = {597BDEE1-F58A-4A55-B1B5-BEA1AB7D9C89}
		{813C324B-3BA3-47C4-B5AB-A0DA567E21AE} = {C2360C0C-65F6-4135-B00F-061C61ADA594}
		{9558C1D2-14A1-4519-BF1F-6834703FE5C3} = {597BDEE1-F58A-4A55-B1B5-BEA1AB7D9C89}
		{6C02463E-63EB-40FA-8EA4-06D075199FED} = {597BDEE1-F58A-4A55-B1B5-BEA1AB7D9C89}
		{C19DC373-1E92-41EA-8EDF-F2D325B73129} = {597BDEE1-F58A-4A55-B1B5-BEA1AB7D9C89}
		{1236297A-2462-4B9B-B314-382E80FC123B} = {597BDEE1-F58A-4A55-B1B5-BEA1AB7D9C89}
	EndGlobalSection
EndGlobal
