
Microsoft Visual Studio Solution File, Format Version 12.00
# Visual Studio 15
VisualStudioVersion = 15.0.26206.0
MinimumVisualStudioVersion = 10.0.40219.1
Project("{2150E333-8FDC-42A3-9474-1A3956D46DE8}") = "src", "src", "{C9BFDDC4-5671-47A3-B57D-197C2A51FA8A}"
EndProject
Project("{2150E333-8FDC-42A3-9474-1A3956D46DE8}") = "Solution Items", "Solution Items", "{0FA25035-EF21-45F1-BEB4-C57BCF5F9A83}"
EndProject
Project("{2150E333-8FDC-42A3-9474-1A3956D46DE8}") = "Modules", "Modules", "{7EFA2FA7-32DD-4047-B021-50E77A83D714}"
EndProject
Project("{2150E333-8FDC-42A3-9474-1A3956D46DE8}") = "Database", "Database", "{0A27C140-4CCB-40DD-BE48-F5DE16D1177B}"
	ProjectSection(SolutionItems) = preProject
		src\Database\StaticData.sql = src\Database\StaticData.sql
		src\Database\StaticData_MySql.sql = src\Database\StaticData_MySql.sql
		src\Database\StaticData_Postgres.sql = src\Database\StaticData_Postgres.sql
	EndProjectSection
EndProject
Project("{9A19103F-16F7-4668-BE54-9A1E7A4F7556}") = "SimplCommerce.WebHost", "src\SimplCommerce.WebHost\SimplCommerce.WebHost.csproj", "{13367B7A-E91C-47EE-BA5E-C50664D65767}"
EndProject
Project("{9A19103F-16F7-4668-BE54-9A1E7A4F7556}") = "SimplCommerce.Infrastructure", "src\SimplCommerce.Infrastructure\SimplCommerce.Infrastructure.csproj", "{9C156841-9389-4840-82CB-D5A4ED9A6A00}"
EndProject
Project("{9A19103F-16F7-4668-BE54-9A1E7A4F7556}") = "SimplCommerce.Module.Core", "src\Modules\SimplCommerce.Module.Core\SimplCommerce.Module.Core.csproj", "{91A9DD1C-08F3-4F85-8728-BB30F55FDACB}"
EndProject
Project("{9A19103F-16F7-4668-BE54-9A1E7A4F7556}") = "SimplCommerce.Module.Catalog", "src\Modules\SimplCommerce.Module.Catalog\SimplCommerce.Module.Catalog.csproj", "{5A25980B-54D9-4B82-8E2B-021F27860D7F}"
EndProject
Project("{9A19103F-16F7-4668-BE54-9A1E7A4F7556}") = "SimplCommerce.Module.Orders", "src\Modules\SimplCommerce.Module.Orders\SimplCommerce.Module.Orders.csproj", "{B8ABFD73-AEAF-4689-BA2C-BC38B64F6FAE}"
EndProject
Project("{9A19103F-16F7-4668-BE54-9A1E7A4F7556}") = "SimplCommerce.Module.Cms", "src\Modules\SimplCommerce.Module.Cms\SimplCommerce.Module.Cms.csproj", "{B5344A80-C707-4DB4-A80C-064B3F24E091}"
EndProject
Project("{9A19103F-16F7-4668-BE54-9A1E7A4F7556}") = "SimplCommerce.Module.SampleData", "src\Modules\SimplCommerce.Module.SampleData\SimplCommerce.Module.SampleData.csproj", "{DD1206C1-FC00-44EF-B8BF-0376DAEF4DD7}"
EndProject
Project("{9A19103F-16F7-4668-BE54-9A1E7A4F7556}") = "SimplCommerce.Module.Localization", "src\Modules\SimplCommerce.Module.Localization\SimplCommerce.Module.Localization.csproj", "{168ECB44-DB3C-4DAB-9F8D-7BA5EB39D1CE}"
EndProject
Project("{9A19103F-16F7-4668-BE54-9A1E7A4F7556}") = "SimplCommerce.Module.Search", "src\Modules\SimplCommerce.Module.Search\SimplCommerce.Module.Search.csproj", "{5EFB6861-B00E-40D5-A7AF-B3A6E914BC8E}"
EndProject
Project("{9A19103F-16F7-4668-BE54-9A1E7A4F7556}") = "SimplCommerce.Module.Reviews", "src\Modules\SimplCommerce.Module.Reviews\SimplCommerce.Module.Reviews.csproj", "{6340A38E-C644-4DFC-87C1-F89EC5CA9614}"
EndProject
Project("{9A19103F-16F7-4668-BE54-9A1E7A4F7556}") = "SimplCommerce.Module.ActivityLog", "src\Modules\SimplCommerce.Module.ActivityLog\SimplCommerce.Module.ActivityLog.csproj", "{1A22C68D-BE49-4E94-A0AD-6FD31F54B805}"
EndProject
Project("{FAE04EC0-301F-11D3-BF4B-00C04F79EFBC}") = "SimplCommerce.Module.Vendors", "src\Modules\SimplCommerce.Module.Vendors\SimplCommerce.Module.Vendors.csproj", "{74FBF118-A11C-4E73-909B-7C1A1ED99149}"
EndProject
Global
	GlobalSection(SolutionConfigurationPlatforms) = preSolution
		Debug|Any CPU = Debug|Any CPU
		Debug|x64 = Debug|x64
		Debug|x86 = Debug|x86
		Release|Any CPU = Release|Any CPU
		Release|x64 = Release|x64
		Release|x86 = Release|x86
	EndGlobalSection
	GlobalSection(ProjectConfigurationPlatforms) = postSolution
		{13367B7A-E91C-47EE-BA5E-C50664D65767}.Debug|Any CPU.ActiveCfg = Debug|Any CPU
		{13367B7A-E91C-47EE-BA5E-C50664D65767}.Debug|Any CPU.Build.0 = Debug|Any CPU
		{13367B7A-E91C-47EE-BA5E-C50664D65767}.Debug|x64.ActiveCfg = Debug|x64
		{13367B7A-E91C-47EE-BA5E-C50664D65767}.Debug|x64.Build.0 = Debug|x64
		{13367B7A-E91C-47EE-BA5E-C50664D65767}.Debug|x86.ActiveCfg = Debug|x86
		{13367B7A-E91C-47EE-BA5E-C50664D65767}.Debug|x86.Build.0 = Debug|x86
		{13367B7A-E91C-47EE-BA5E-C50664D65767}.Release|Any CPU.ActiveCfg = Release|Any CPU
		{13367B7A-E91C-47EE-BA5E-C50664D65767}.Release|Any CPU.Build.0 = Release|Any CPU
		{13367B7A-E91C-47EE-BA5E-C50664D65767}.Release|x64.ActiveCfg = Release|x64
		{13367B7A-E91C-47EE-BA5E-C50664D65767}.Release|x64.Build.0 = Release|x64
		{13367B7A-E91C-47EE-BA5E-C50664D65767}.Release|x86.ActiveCfg = Release|x86
		{13367B7A-E91C-47EE-BA5E-C50664D65767}.Release|x86.Build.0 = Release|x86
		{9C156841-9389-4840-82CB-D5A4ED9A6A00}.Debug|Any CPU.ActiveCfg = Debug|Any CPU
		{9C156841-9389-4840-82CB-D5A4ED9A6A00}.Debug|Any CPU.Build.0 = Debug|Any CPU
		{9C156841-9389-4840-82CB-D5A4ED9A6A00}.Debug|x64.ActiveCfg = Debug|x64
		{9C156841-9389-4840-82CB-D5A4ED9A6A00}.Debug|x64.Build.0 = Debug|x64
		{9C156841-9389-4840-82CB-D5A4ED9A6A00}.Debug|x86.ActiveCfg = Debug|x86
		{9C156841-9389-4840-82CB-D5A4ED9A6A00}.Debug|x86.Build.0 = Debug|x86
		{9C156841-9389-4840-82CB-D5A4ED9A6A00}.Release|Any CPU.ActiveCfg = Release|Any CPU
		{9C156841-9389-4840-82CB-D5A4ED9A6A00}.Release|Any CPU.Build.0 = Release|Any CPU
		{9C156841-9389-4840-82CB-D5A4ED9A6A00}.Release|x64.ActiveCfg = Release|x64
		{9C156841-9389-4840-82CB-D5A4ED9A6A00}.Release|x64.Build.0 = Release|x64
		{9C156841-9389-4840-82CB-D5A4ED9A6A00}.Release|x86.ActiveCfg = Release|x86
		{9C156841-9389-4840-82CB-D5A4ED9A6A00}.Release|x86.Build.0 = Release|x86
		{91A9DD1C-08F3-4F85-8728-BB30F55FDACB}.Debug|Any CPU.ActiveCfg = Debug|Any CPU
		{91A9DD1C-08F3-4F85-8728-BB30F55FDACB}.Debug|Any CPU.Build.0 = Debug|Any CPU
		{91A9DD1C-08F3-4F85-8728-BB30F55FDACB}.Debug|x64.ActiveCfg = Debug|x64
		{91A9DD1C-08F3-4F85-8728-BB30F55FDACB}.Debug|x64.Build.0 = Debug|x64
		{91A9DD1C-08F3-4F85-8728-BB30F55FDACB}.Debug|x86.ActiveCfg = Debug|x86
		{91A9DD1C-08F3-4F85-8728-BB30F55FDACB}.Debug|x86.Build.0 = Debug|x86
		{91A9DD1C-08F3-4F85-8728-BB30F55FDACB}.Release|Any CPU.ActiveCfg = Release|Any CPU
		{91A9DD1C-08F3-4F85-8728-BB30F55FDACB}.Release|Any CPU.Build.0 = Release|Any CPU
		{91A9DD1C-08F3-4F85-8728-BB30F55FDACB}.Release|x64.ActiveCfg = Release|x64
		{91A9DD1C-08F3-4F85-8728-BB30F55FDACB}.Release|x64.Build.0 = Release|x64
		{91A9DD1C-08F3-4F85-8728-BB30F55FDACB}.Release|x86.ActiveCfg = Release|x86
		{91A9DD1C-08F3-4F85-8728-BB30F55FDACB}.Release|x86.Build.0 = Release|x86
		{5A25980B-54D9-4B82-8E2B-021F27860D7F}.Debug|Any CPU.ActiveCfg = Debug|Any CPU
		{5A25980B-54D9-4B82-8E2B-021F27860D7F}.Debug|Any CPU.Build.0 = Debug|Any CPU
		{5A25980B-54D9-4B82-8E2B-021F27860D7F}.Debug|x64.ActiveCfg = Debug|x64
		{5A25980B-54D9-4B82-8E2B-021F27860D7F}.Debug|x64.Build.0 = Debug|x64
		{5A25980B-54D9-4B82-8E2B-021F27860D7F}.Debug|x86.ActiveCfg = Debug|x86
		{5A25980B-54D9-4B82-8E2B-021F27860D7F}.Debug|x86.Build.0 = Debug|x86
		{5A25980B-54D9-4B82-8E2B-021F27860D7F}.Release|Any CPU.ActiveCfg = Release|Any CPU
		{5A25980B-54D9-4B82-8E2B-021F27860D7F}.Release|Any CPU.Build.0 = Release|Any CPU
		{5A25980B-54D9-4B82-8E2B-021F27860D7F}.Release|x64.ActiveCfg = Release|x64
		{5A25980B-54D9-4B82-8E2B-021F27860D7F}.Release|x64.Build.0 = Release|x64
		{5A25980B-54D9-4B82-8E2B-021F27860D7F}.Release|x86.ActiveCfg = Release|x86
		{5A25980B-54D9-4B82-8E2B-021F27860D7F}.Release|x86.Build.0 = Release|x86
		{B8ABFD73-AEAF-4689-BA2C-BC38B64F6FAE}.Debug|Any CPU.ActiveCfg = Debug|Any CPU
		{B8ABFD73-AEAF-4689-BA2C-BC38B64F6FAE}.Debug|Any CPU.Build.0 = Debug|Any CPU
		{B8ABFD73-AEAF-4689-BA2C-BC38B64F6FAE}.Debug|x64.ActiveCfg = Debug|x64
		{B8ABFD73-AEAF-4689-BA2C-BC38B64F6FAE}.Debug|x64.Build.0 = Debug|x64
		{B8ABFD73-AEAF-4689-BA2C-BC38B64F6FAE}.Debug|x86.ActiveCfg = Debug|x86
		{B8ABFD73-AEAF-4689-BA2C-BC38B64F6FAE}.Debug|x86.Build.0 = Debug|x86
		{B8ABFD73-AEAF-4689-BA2C-BC38B64F6FAE}.Release|Any CPU.ActiveCfg = Release|Any CPU
		{B8ABFD73-AEAF-4689-BA2C-BC38B64F6FAE}.Release|Any CPU.Build.0 = Release|Any CPU
		{B8ABFD73-AEAF-4689-BA2C-BC38B64F6FAE}.Release|x64.ActiveCfg = Release|x64
		{B8ABFD73-AEAF-4689-BA2C-BC38B64F6FAE}.Release|x64.Build.0 = Release|x64
		{B8ABFD73-AEAF-4689-BA2C-BC38B64F6FAE}.Release|x86.ActiveCfg = Release|x86
		{B8ABFD73-AEAF-4689-BA2C-BC38B64F6FAE}.Release|x86.Build.0 = Release|x86
		{B5344A80-C707-4DB4-A80C-064B3F24E091}.Debug|Any CPU.ActiveCfg = Debug|Any CPU
		{B5344A80-C707-4DB4-A80C-064B3F24E091}.Debug|Any CPU.Build.0 = Debug|Any CPU
		{B5344A80-C707-4DB4-A80C-064B3F24E091}.Debug|x64.ActiveCfg = Debug|x64
		{B5344A80-C707-4DB4-A80C-064B3F24E091}.Debug|x64.Build.0 = Debug|x64
		{B5344A80-C707-4DB4-A80C-064B3F24E091}.Debug|x86.ActiveCfg = Debug|x86
		{B5344A80-C707-4DB4-A80C-064B3F24E091}.Debug|x86.Build.0 = Debug|x86
		{B5344A80-C707-4DB4-A80C-064B3F24E091}.Release|Any CPU.ActiveCfg = Release|Any CPU
		{B5344A80-C707-4DB4-A80C-064B3F24E091}.Release|Any CPU.Build.0 = Release|Any CPU
		{B5344A80-C707-4DB4-A80C-064B3F24E091}.Release|x64.ActiveCfg = Release|x64
		{B5344A80-C707-4DB4-A80C-064B3F24E091}.Release|x64.Build.0 = Release|x64
		{B5344A80-C707-4DB4-A80C-064B3F24E091}.Release|x86.ActiveCfg = Release|x86
		{B5344A80-C707-4DB4-A80C-064B3F24E091}.Release|x86.Build.0 = Release|x86
		{DD1206C1-FC00-44EF-B8BF-0376DAEF4DD7}.Debug|Any CPU.ActiveCfg = Debug|Any CPU
		{DD1206C1-FC00-44EF-B8BF-0376DAEF4DD7}.Debug|Any CPU.Build.0 = Debug|Any CPU
		{DD1206C1-FC00-44EF-B8BF-0376DAEF4DD7}.Debug|x64.ActiveCfg = Debug|x64
		{DD1206C1-FC00-44EF-B8BF-0376DAEF4DD7}.Debug|x64.Build.0 = Debug|x64
		{DD1206C1-FC00-44EF-B8BF-0376DAEF4DD7}.Debug|x86.ActiveCfg = Debug|x86
		{DD1206C1-FC00-44EF-B8BF-0376DAEF4DD7}.Debug|x86.Build.0 = Debug|x86
		{DD1206C1-FC00-44EF-B8BF-0376DAEF4DD7}.Release|Any CPU.ActiveCfg = Release|Any CPU
		{DD1206C1-FC00-44EF-B8BF-0376DAEF4DD7}.Release|Any CPU.Build.0 = Release|Any CPU
		{DD1206C1-FC00-44EF-B8BF-0376DAEF4DD7}.Release|x64.ActiveCfg = Release|x64
		{DD1206C1-FC00-44EF-B8BF-0376DAEF4DD7}.Release|x64.Build.0 = Release|x64
		{DD1206C1-FC00-44EF-B8BF-0376DAEF4DD7}.Release|x86.ActiveCfg = Release|x86
		{DD1206C1-FC00-44EF-B8BF-0376DAEF4DD7}.Release|x86.Build.0 = Release|x86
		{168ECB44-DB3C-4DAB-9F8D-7BA5EB39D1CE}.Debug|Any CPU.ActiveCfg = Debug|Any CPU
		{168ECB44-DB3C-4DAB-9F8D-7BA5EB39D1CE}.Debug|Any CPU.Build.0 = Debug|Any CPU
		{168ECB44-DB3C-4DAB-9F8D-7BA5EB39D1CE}.Debug|x64.ActiveCfg = Debug|x64
		{168ECB44-DB3C-4DAB-9F8D-7BA5EB39D1CE}.Debug|x64.Build.0 = Debug|x64
		{168ECB44-DB3C-4DAB-9F8D-7BA5EB39D1CE}.Debug|x86.ActiveCfg = Debug|x86
		{168ECB44-DB3C-4DAB-9F8D-7BA5EB39D1CE}.Debug|x86.Build.0 = Debug|x86
		{168ECB44-DB3C-4DAB-9F8D-7BA5EB39D1CE}.Release|Any CPU.ActiveCfg = Release|Any CPU
		{168ECB44-DB3C-4DAB-9F8D-7BA5EB39D1CE}.Release|Any CPU.Build.0 = Release|Any CPU
		{168ECB44-DB3C-4DAB-9F8D-7BA5EB39D1CE}.Release|x64.ActiveCfg = Release|x64
		{168ECB44-DB3C-4DAB-9F8D-7BA5EB39D1CE}.Release|x64.Build.0 = Release|x64
		{168ECB44-DB3C-4DAB-9F8D-7BA5EB39D1CE}.Release|x86.ActiveCfg = Release|x86
		{168ECB44-DB3C-4DAB-9F8D-7BA5EB39D1CE}.Release|x86.Build.0 = Release|x86
		{5EFB6861-B00E-40D5-A7AF-B3A6E914BC8E}.Debug|Any CPU.ActiveCfg = Debug|Any CPU
		{5EFB6861-B00E-40D5-A7AF-B3A6E914BC8E}.Debug|Any CPU.Build.0 = Debug|Any CPU
		{5EFB6861-B00E-40D5-A7AF-B3A6E914BC8E}.Debug|x64.ActiveCfg = Debug|x64
		{5EFB6861-B00E-40D5-A7AF-B3A6E914BC8E}.Debug|x64.Build.0 = Debug|x64
		{5EFB6861-B00E-40D5-A7AF-B3A6E914BC8E}.Debug|x86.ActiveCfg = Debug|x86
		{5EFB6861-B00E-40D5-A7AF-B3A6E914BC8E}.Debug|x86.Build.0 = Debug|x86
		{5EFB6861-B00E-40D5-A7AF-B3A6E914BC8E}.Release|Any CPU.ActiveCfg = Release|Any CPU
		{5EFB6861-B00E-40D5-A7AF-B3A6E914BC8E}.Release|Any CPU.Build.0 = Release|Any CPU
		{5EFB6861-B00E-40D5-A7AF-B3A6E914BC8E}.Release|x64.ActiveCfg = Release|x64
		{5EFB6861-B00E-40D5-A7AF-B3A6E914BC8E}.Release|x64.Build.0 = Release|x64
		{5EFB6861-B00E-40D5-A7AF-B3A6E914BC8E}.Release|x86.ActiveCfg = Release|x86
		{5EFB6861-B00E-40D5-A7AF-B3A6E914BC8E}.Release|x86.Build.0 = Release|x86
		{6340A38E-C644-4DFC-87C1-F89EC5CA9614}.Debug|Any CPU.ActiveCfg = Debug|Any CPU
		{6340A38E-C644-4DFC-87C1-F89EC5CA9614}.Debug|Any CPU.Build.0 = Debug|Any CPU
		{6340A38E-C644-4DFC-87C1-F89EC5CA9614}.Debug|x64.ActiveCfg = Debug|x64
		{6340A38E-C644-4DFC-87C1-F89EC5CA9614}.Debug|x64.Build.0 = Debug|x64
		{6340A38E-C644-4DFC-87C1-F89EC5CA9614}.Debug|x86.ActiveCfg = Debug|x86
		{6340A38E-C644-4DFC-87C1-F89EC5CA9614}.Debug|x86.Build.0 = Debug|x86
		{6340A38E-C644-4DFC-87C1-F89EC5CA9614}.Release|Any CPU.ActiveCfg = Release|Any CPU
		{6340A38E-C644-4DFC-87C1-F89EC5CA9614}.Release|Any CPU.Build.0 = Release|Any CPU
		{6340A38E-C644-4DFC-87C1-F89EC5CA9614}.Release|x64.ActiveCfg = Release|x64
		{6340A38E-C644-4DFC-87C1-F89EC5CA9614}.Release|x64.Build.0 = Release|x64
		{6340A38E-C644-4DFC-87C1-F89EC5CA9614}.Release|x86.ActiveCfg = Release|x86
		{6340A38E-C644-4DFC-87C1-F89EC5CA9614}.Release|x86.Build.0 = Release|x86
		{1A22C68D-BE49-4E94-A0AD-6FD31F54B805}.Debug|Any CPU.ActiveCfg = Debug|Any CPU
		{1A22C68D-BE49-4E94-A0AD-6FD31F54B805}.Debug|Any CPU.Build.0 = Debug|Any CPU
		{1A22C68D-BE49-4E94-A0AD-6FD31F54B805}.Debug|x64.ActiveCfg = Debug|x64
		{1A22C68D-BE49-4E94-A0AD-6FD31F54B805}.Debug|x64.Build.0 = Debug|x64
		{1A22C68D-BE49-4E94-A0AD-6FD31F54B805}.Debug|x86.ActiveCfg = Debug|x86
		{1A22C68D-BE49-4E94-A0AD-6FD31F54B805}.Debug|x86.Build.0 = Debug|x86
		{1A22C68D-BE49-4E94-A0AD-6FD31F54B805}.Release|Any CPU.ActiveCfg = Release|Any CPU
		{1A22C68D-BE49-4E94-A0AD-6FD31F54B805}.Release|Any CPU.Build.0 = Release|Any CPU
		{1A22C68D-BE49-4E94-A0AD-6FD31F54B805}.Release|x64.ActiveCfg = Release|x64
		{1A22C68D-BE49-4E94-A0AD-6FD31F54B805}.Release|x64.Build.0 = Release|x64
		{1A22C68D-BE49-4E94-A0AD-6FD31F54B805}.Release|x86.ActiveCfg = Release|x86
		{1A22C68D-BE49-4E94-A0AD-6FD31F54B805}.Release|x86.Build.0 = Release|x86
		{74FBF118-A11C-4E73-909B-7C1A1ED99149}.Debug|Any CPU.ActiveCfg = Debug|Any CPU
		{74FBF118-A11C-4E73-909B-7C1A1ED99149}.Debug|Any CPU.Build.0 = Debug|Any CPU
		{74FBF118-A11C-4E73-909B-7C1A1ED99149}.Debug|x64.ActiveCfg = Debug|x64
		{74FBF118-A11C-4E73-909B-7C1A1ED99149}.Debug|x64.Build.0 = Debug|x64
		{74FBF118-A11C-4E73-909B-7C1A1ED99149}.Debug|x86.ActiveCfg = Debug|x86
		{74FBF118-A11C-4E73-909B-7C1A1ED99149}.Debug|x86.Build.0 = Debug|x86
		{74FBF118-A11C-4E73-909B-7C1A1ED99149}.Release|Any CPU.ActiveCfg = Release|Any CPU
		{74FBF118-A11C-4E73-909B-7C1A1ED99149}.Release|Any CPU.Build.0 = Release|Any CPU
		{74FBF118-A11C-4E73-909B-7C1A1ED99149}.Release|x64.ActiveCfg = Release|x64
		{74FBF118-A11C-4E73-909B-7C1A1ED99149}.Release|x64.Build.0 = Release|x64
		{74FBF118-A11C-4E73-909B-7C1A1ED99149}.Release|x86.ActiveCfg = Release|x86
		{74FBF118-A11C-4E73-909B-7C1A1ED99149}.Release|x86.Build.0 = Release|x86
	EndGlobalSection
	GlobalSection(SolutionProperties) = preSolution
		HideSolutionNode = FALSE
	EndGlobalSection
	GlobalSection(NestedProjects) = preSolution
		{7EFA2FA7-32DD-4047-B021-50E77A83D714} = {C9BFDDC4-5671-47A3-B57D-197C2A51FA8A}
		{0A27C140-4CCB-40DD-BE48-F5DE16D1177B} = {C9BFDDC4-5671-47A3-B57D-197C2A51FA8A}
		{13367B7A-E91C-47EE-BA5E-C50664D65767} = {C9BFDDC4-5671-47A3-B57D-197C2A51FA8A}
		{9C156841-9389-4840-82CB-D5A4ED9A6A00} = {C9BFDDC4-5671-47A3-B57D-197C2A51FA8A}
		{91A9DD1C-08F3-4F85-8728-BB30F55FDACB} = {7EFA2FA7-32DD-4047-B021-50E77A83D714}
		{5A25980B-54D9-4B82-8E2B-021F27860D7F} = {7EFA2FA7-32DD-4047-B021-50E77A83D714}
		{B8ABFD73-AEAF-4689-BA2C-BC38B64F6FAE} = {7EFA2FA7-32DD-4047-B021-50E77A83D714}
		{B5344A80-C707-4DB4-A80C-064B3F24E091} = {7EFA2FA7-32DD-4047-B021-50E77A83D714}
		{DD1206C1-FC00-44EF-B8BF-0376DAEF4DD7} = {7EFA2FA7-32DD-4047-B021-50E77A83D714}
		{168ECB44-DB3C-4DAB-9F8D-7BA5EB39D1CE} = {7EFA2FA7-32DD-4047-B021-50E77A83D714}
		{5EFB6861-B00E-40D5-A7AF-B3A6E914BC8E} = {7EFA2FA7-32DD-4047-B021-50E77A83D714}
		{6340A38E-C644-4DFC-87C1-F89EC5CA9614} = {7EFA2FA7-32DD-4047-B021-50E77A83D714}
		{1A22C68D-BE49-4E94-A0AD-6FD31F54B805} = {7EFA2FA7-32DD-4047-B021-50E77A83D714}
		{74FBF118-A11C-4E73-909B-7C1A1ED99149} = {7EFA2FA7-32DD-4047-B021-50E77A83D714}
	EndGlobalSection
EndGlobal
